
Microsoft Visual Studio Solution File, Format Version 12.00
Project("{FAE04EC0-301F-11D3-BF4B-00C04F79EFBC}") = "Confluent.Kafka.Lib.Core", "src\Confluent.Kafka.Lib.Core.csproj", "{F1A896A0-4568-4822-9FF6-14506EC95854}"
EndProject
Global
	GlobalSection(SolutionConfigurationPlatforms) = preSolution
		Debug|Any CPU = Debug|Any CPU
		Release|Any CPU = Release|Any CPU
	EndGlobalSection
	GlobalSection(ProjectConfigurationPlatforms) = postSolution
		{F1A896A0-4568-4822-9FF6-14506EC95854}.Debug|Any CPU.ActiveCfg = Debug|Any CPU
		{F1A896A0-4568-4822-9FF6-14506EC95854}.Debug|Any CPU.Build.0 = Debug|Any CPU
		{F1A896A0-4568-4822-9FF6-14506EC95854}.Release|Any CPU.ActiveCfg = Release|Any CPU
		{F1A896A0-4568-4822-9FF6-14506EC95854}.Release|Any CPU.Build.0 = Release|Any CPU
	EndGlobalSection
EndGlobal
