
Microsoft Visual Studio Solution File, Format Version 12.00
Project("{FAE04EC0-301F-11D3-BF4B-00C04F79EFBC}") = "Confluent.Kafka.Lib.Core", "src\Confluent.Kafka.Lib.Core.csproj", "{F1A896A0-4568-4822-9FF6-14506EC95854}"
EndProject
Project("{FAE04EC0-301F-11D3-BF4B-00C04F79EFBC}") = "Confluent.Kafka.Lib.Example", "example\Confluent.Kafka.Lib.Example.csproj", "{B14698DD-23B2-493D-97D9-866F765239D7}"
EndProject
Project("{FAE04EC0-301F-11D3-BF4B-00C04F79EFBC}") = "Confluent.Kafka.Lib.Tests", "tests\Confluent.Kafka.Lib.Tests.csproj", "{7840F5D4-93E2-4FC2-94B3-0F2005FBBE75}"
EndProject
Project("{2150E333-8FDC-42A3-9474-1A3956D46DE8}") = "src", "src", "{7784A3B2-3211-441F-9373-5230CF862C4F}"
EndProject
Project("{2150E333-8FDC-42A3-9474-1A3956D46DE8}") = "tests", "tests", "{EE9A3108-BCE0-4E63-9257-BA4577AA6DAC}"
EndProject
Global
	GlobalSection(SolutionConfigurationPlatforms) = preSolution
		Debug|Any CPU = Debug|Any CPU
		Release|Any CPU = Release|Any CPU
	EndGlobalSection
	GlobalSection(ProjectConfigurationPlatforms) = postSolution
		{F1A896A0-4568-4822-9FF6-14506EC95854}.Debug|Any CPU.ActiveCfg = Debug|Any CPU
		{F1A896A0-4568-4822-9FF6-14506EC95854}.Debug|Any CPU.Build.0 = Debug|Any CPU
		{F1A896A0-4568-4822-9FF6-14506EC95854}.Release|Any CPU.ActiveCfg = Release|Any CPU
		{F1A896A0-4568-4822-9FF6-14506EC95854}.Release|Any CPU.Build.0 = Release|Any CPU
		{B14698DD-23B2-493D-97D9-866F765239D7}.Debug|Any CPU.ActiveCfg = Debug|Any CPU
		{B14698DD-23B2-493D-97D9-866F765239D7}.Debug|Any CPU.Build.0 = Debug|Any CPU
		{B14698DD-23B2-493D-97D9-866F765239D7}.Release|Any CPU.ActiveCfg = Release|Any CPU
		{B14698DD-23B2-493D-97D9-866F765239D7}.Release|Any CPU.Build.0 = Release|Any CPU
		{7840F5D4-93E2-4FC2-94B3-0F2005FBBE75}.Debug|Any CPU.ActiveCfg = Debug|Any CPU
		{7840F5D4-93E2-4FC2-94B3-0F2005FBBE75}.Debug|Any CPU.Build.0 = Debug|Any CPU
		{7840F5D4-93E2-4FC2-94B3-0F2005FBBE75}.Release|Any CPU.ActiveCfg = Release|Any CPU
		{7840F5D4-93E2-4FC2-94B3-0F2005FBBE75}.Release|Any CPU.Build.0 = Release|Any CPU
	EndGlobalSection
	GlobalSection(NestedProjects) = preSolution
		{F1A896A0-4568-4822-9FF6-14506EC95854} = {7784A3B2-3211-441F-9373-5230CF862C4F}
		{B14698DD-23B2-493D-97D9-866F765239D7} = {EE9A3108-BCE0-4E63-9257-BA4577AA6DAC}
		{7840F5D4-93E2-4FC2-94B3-0F2005FBBE75} = {EE9A3108-BCE0-4E63-9257-BA4577AA6DAC}
	EndGlobalSection
EndGlobal
