
Microsoft Visual Studio Solution File, Format Version 12.00
Project("{FAE04EC0-301F-11D3-BF4B-00C04F79EFBC}") = "Trendyol.Kafka", "src\Trendyol.Kafka.csproj", "{0818D833-CC41-47DB-AE3E-17C734E1B05F}"
EndProject
Project("{FAE04EC0-301F-11D3-BF4B-00C04F79EFBC}") = "Trendyol.Kafka.Tests", "tests\Trendyol.Kafka.Tests.csproj", "{984D13B0-C3BA-4798-90EE-16157D7B2E23}"
EndProject
Project("{FAE04EC0-301F-11D3-BF4B-00C04F79EFBC}") = "Trendyol.Kafka.HostedServiceTests", "Trendyol.Kafka.HostedServiceTests\Trendyol.Kafka.HostedServiceTests.csproj", "{8859BF09-C9B6-4778-BCC9-8CFF56634868}"
EndProject
Global
	GlobalSection(SolutionConfigurationPlatforms) = preSolution
		Debug|Any CPU = Debug|Any CPU
		Release|Any CPU = Release|Any CPU
	EndGlobalSection
	GlobalSection(ProjectConfigurationPlatforms) = postSolution
		{0818D833-CC41-47DB-AE3E-17C734E1B05F}.Debug|Any CPU.ActiveCfg = Debug|Any CPU
		{0818D833-CC41-47DB-AE3E-17C734E1B05F}.Debug|Any CPU.Build.0 = Debug|Any CPU
		{0818D833-CC41-47DB-AE3E-17C734E1B05F}.Release|Any CPU.ActiveCfg = Release|Any CPU
		{0818D833-CC41-47DB-AE3E-17C734E1B05F}.Release|Any CPU.Build.0 = Release|Any CPU
		{984D13B0-C3BA-4798-90EE-16157D7B2E23}.Debug|Any CPU.ActiveCfg = Debug|Any CPU
		{984D13B0-C3BA-4798-90EE-16157D7B2E23}.Debug|Any CPU.Build.0 = Debug|Any CPU
		{984D13B0-C3BA-4798-90EE-16157D7B2E23}.Release|Any CPU.ActiveCfg = Release|Any CPU
		{984D13B0-C3BA-4798-90EE-16157D7B2E23}.Release|Any CPU.Build.0 = Release|Any CPU
		{8859BF09-C9B6-4778-BCC9-8CFF56634868}.Debug|Any CPU.ActiveCfg = Debug|Any CPU
		{8859BF09-C9B6-4778-BCC9-8CFF56634868}.Debug|Any CPU.Build.0 = Debug|Any CPU
		{8859BF09-C9B6-4778-BCC9-8CFF56634868}.Release|Any CPU.ActiveCfg = Release|Any CPU
		{8859BF09-C9B6-4778-BCC9-8CFF56634868}.Release|Any CPU.Build.0 = Release|Any CPU
	EndGlobalSection
EndGlobal
